
Microsoft Visual Studio Solution File, Format Version 12.00
Project("{FAE04EC0-301F-11D3-BF4B-00C04F79EFBC}") = "perlin-desktop", "perlin-desktop\perlin-desktop.csproj", "{4AAEBC86-5A38-4905-A821-D3CD985F5CB2}"
EndProject
Project("{FAE04EC0-301F-11D3-BF4B-00C04F79EFBC}") = "Snake-Game", "Snake-Game\Snake-Game.csproj", "{D4FF8E5A-E50C-4BB6-B60A-6A9531E38B5D}"
EndProject
Project("{FAE04EC0-301F-11D3-BF4B-00C04F79EFBC}") = "Snake-Game-V2", "Snake-Game-V2\Snake-Game-V2.csproj", "{9BE87329-9B90-44EB-AE76-6CD2EC468AD0}"
EndProject
Project("{FAE04EC0-301F-11D3-BF4B-00C04F79EFBC}") = "quest-csharp", "quest-csharp\quest-csharp.csproj", "{C5531D4E-3182-4E4F-AA71-FC410F4E5B96}"
EndProject
Global
	GlobalSection(SolutionConfigurationPlatforms) = preSolution
		Debug|Any CPU = Debug|Any CPU
		Release|Any CPU = Release|Any CPU
	EndGlobalSection
	GlobalSection(ProjectConfigurationPlatforms) = postSolution
		{4AAEBC86-5A38-4905-A821-D3CD985F5CB2}.Debug|Any CPU.ActiveCfg = Debug|Any CPU
		{4AAEBC86-5A38-4905-A821-D3CD985F5CB2}.Debug|Any CPU.Build.0 = Debug|Any CPU
		{4AAEBC86-5A38-4905-A821-D3CD985F5CB2}.Release|Any CPU.ActiveCfg = Release|Any CPU
		{4AAEBC86-5A38-4905-A821-D3CD985F5CB2}.Release|Any CPU.Build.0 = Release|Any CPU
		{D4FF8E5A-E50C-4BB6-B60A-6A9531E38B5D}.Debug|Any CPU.ActiveCfg = Debug|Any CPU
		{D4FF8E5A-E50C-4BB6-B60A-6A9531E38B5D}.Debug|Any CPU.Build.0 = Debug|Any CPU
		{D4FF8E5A-E50C-4BB6-B60A-6A9531E38B5D}.Release|Any CPU.ActiveCfg = Release|Any CPU
		{D4FF8E5A-E50C-4BB6-B60A-6A9531E38B5D}.Release|Any CPU.Build.0 = Release|Any CPU
		{9BE87329-9B90-44EB-AE76-6CD2EC468AD0}.Debug|Any CPU.ActiveCfg = Debug|Any CPU
		{9BE87329-9B90-44EB-AE76-6CD2EC468AD0}.Debug|Any CPU.Build.0 = Debug|Any CPU
		{9BE87329-9B90-44EB-AE76-6CD2EC468AD0}.Release|Any CPU.ActiveCfg = Release|Any CPU
		{9BE87329-9B90-44EB-AE76-6CD2EC468AD0}.Release|Any CPU.Build.0 = Release|Any CPU
		{C5531D4E-3182-4E4F-AA71-FC410F4E5B96}.Debug|Any CPU.ActiveCfg = Debug|Any CPU
		{C5531D4E-3182-4E4F-AA71-FC410F4E5B96}.Debug|Any CPU.Build.0 = Debug|Any CPU
		{C5531D4E-3182-4E4F-AA71-FC410F4E5B96}.Release|Any CPU.ActiveCfg = Release|Any CPU
		{C5531D4E-3182-4E4F-AA71-FC410F4E5B96}.Release|Any CPU.Build.0 = Release|Any CPU
	EndGlobalSection
EndGlobal
